// !$*UTF8*$!
{
	archiveVersion = 1;
	classes = {
	};
	objectVersion = 46;
	objects = {

/* Begin PBXBuildFile section */
		7B03D44219AF03DC00646DD3 /* Foundation.framework in Frameworks */ = {isa = PBXBuildFile; fileRef = 7B03D44119AF03DC00646DD3 /* Foundation.framework */; };
		7B03D44419AF03DC00646DD3 /* CoreGraphics.framework in Frameworks */ = {isa = PBXBuildFile; fileRef = 7B03D44319AF03DC00646DD3 /* CoreGraphics.framework */; };
		7B03D44619AF03DC00646DD3 /* UIKit.framework in Frameworks */ = {isa = PBXBuildFile; fileRef = 7B03D44519AF03DC00646DD3 /* UIKit.framework */; };
		7B03D44C19AF03DC00646DD3 /* InfoPlist.strings in Resources */ = {isa = PBXBuildFile; fileRef = 7B03D44A19AF03DC00646DD3 /* InfoPlist.strings */; };
		7B03D44E19AF03DC00646DD3 /* main.m in Sources */ = {isa = PBXBuildFile; fileRef = 7B03D44D19AF03DC00646DD3 /* main.m */; };
		7B03D45219AF03DC00646DD3 /* AppDelegate.m in Sources */ = {isa = PBXBuildFile; fileRef = 7B03D45119AF03DC00646DD3 /* AppDelegate.m */; };
		7B03D45519AF03DC00646DD3 /* Main.storyboard in Resources */ = {isa = PBXBuildFile; fileRef = 7B03D45319AF03DC00646DD3 /* Main.storyboard */; };
		7B03D45819AF03DC00646DD3 /* ViewController.m in Sources */ = {isa = PBXBuildFile; fileRef = 7B03D45719AF03DC00646DD3 /* ViewController.m */; };
		7B03D45A19AF03DC00646DD3 /* Images.xcassets in Resources */ = {isa = PBXBuildFile; fileRef = 7B03D45919AF03DC00646DD3 /* Images.xcassets */; };
		7B03D46119AF03DC00646DD3 /* XCTest.framework in Frameworks */ = {isa = PBXBuildFile; fileRef = 7B03D46019AF03DC00646DD3 /* XCTest.framework */; };
		7B03D46219AF03DC00646DD3 /* Foundation.framework in Frameworks */ = {isa = PBXBuildFile; fileRef = 7B03D44119AF03DC00646DD3 /* Foundation.framework */; };
		7B03D46319AF03DC00646DD3 /* UIKit.framework in Frameworks */ = {isa = PBXBuildFile; fileRef = 7B03D44519AF03DC00646DD3 /* UIKit.framework */; };
		7B03D46B19AF03DC00646DD3 /* InfoPlist.strings in Resources */ = {isa = PBXBuildFile; fileRef = 7B03D46919AF03DC00646DD3 /* InfoPlist.strings */; };
		7B03D46D19AF03DC00646DD3 /* QRCodeScanDemoTests.m in Sources */ = {isa = PBXBuildFile; fileRef = 7B03D46C19AF03DC00646DD3 /* QRCodeScanDemoTests.m */; };
		7B03D47819B40FC100646DD3 /* DQCodeScanFucosBoxDynamicShapeLayer.m in Sources */ = {isa = PBXBuildFile; fileRef = 7B03D47719B40FC100646DD3 /* DQCodeScanFucosBoxDynamicShapeLayer.m */; };
		7B03D47B19B4118C00646DD3 /* UIBezierPath+DQCodeScanFucosBoxPath.m in Sources */ = {isa = PBXBuildFile; fileRef = 7B03D47A19B4118C00646DD3 /* UIBezierPath+DQCodeScanFucosBoxPath.m */; };
/* End PBXBuildFile section */

/* Begin PBXContainerItemProxy section */
		7B03D46419AF03DC00646DD3 /* PBXContainerItemProxy */ = {
			isa = PBXContainerItemProxy;
			containerPortal = 7B03D43619AF03DC00646DD3 /* Project object */;
			proxyType = 1;
			remoteGlobalIDString = 7B03D43D19AF03DC00646DD3;
			remoteInfo = QRCodeScanDemo;
		};
/* End PBXContainerItemProxy section */

/* Begin PBXFileReference section */
		7B03D43E19AF03DC00646DD3 /* QRCodeScanDemo.app */ = {isa = PBXFileReference; explicitFileType = wrapper.application; includeInIndex = 0; path = QRCodeScanDemo.app; sourceTree = BUILT_PRODUCTS_DIR; };
		7B03D44119AF03DC00646DD3 /* Foundation.framework */ = {isa = PBXFileReference; lastKnownFileType = wrapper.framework; name = Foundation.framework; path = System/Library/Frameworks/Foundation.framework; sourceTree = SDKROOT; };
		7B03D44319AF03DC00646DD3 /* CoreGraphics.framework */ = {isa = PBXFileReference; lastKnownFileType = wrapper.framework; name = CoreGraphics.framework; path = System/Library/Frameworks/CoreGraphics.framework; sourceTree = SDKROOT; };
		7B03D44519AF03DC00646DD3 /* UIKit.framework */ = {isa = PBXFileReference; lastKnownFileType = wrapper.framework; name = UIKit.framework; path = System/Library/Frameworks/UIKit.framework; sourceTree = SDKROOT; };
		7B03D44919AF03DC00646DD3 /* QRCodeScanDemo-Info.plist */ = {isa = PBXFileReference; lastKnownFileType = text.plist.xml; path = "QRCodeScanDemo-Info.plist"; sourceTree = "<group>"; };
		7B03D44B19AF03DC00646DD3 /* en */ = {isa = PBXFileReference; lastKnownFileType = text.plist.strings; name = en; path = en.lproj/InfoPlist.strings; sourceTree = "<group>"; };
		7B03D44D19AF03DC00646DD3 /* main.m */ = {isa = PBXFileReference; lastKnownFileType = sourcecode.c.objc; path = main.m; sourceTree = "<group>"; };
		7B03D44F19AF03DC00646DD3 /* QRCodeScanDemo-Prefix.pch */ = {isa = PBXFileReference; lastKnownFileType = sourcecode.c.h; path = "QRCodeScanDemo-Prefix.pch"; sourceTree = "<group>"; };
		7B03D45019AF03DC00646DD3 /* AppDelegate.h */ = {isa = PBXFileReference; lastKnownFileType = sourcecode.c.h; path = AppDelegate.h; sourceTree = "<group>"; };
		7B03D45119AF03DC00646DD3 /* AppDelegate.m */ = {isa = PBXFileReference; lastKnownFileType = sourcecode.c.objc; path = AppDelegate.m; sourceTree = "<group>"; };
		7B03D45419AF03DC00646DD3 /* Base */ = {isa = PBXFileReference; lastKnownFileType = file.storyboard; name = Base; path = Base.lproj/Main.storyboard; sourceTree = "<group>"; };
		7B03D45619AF03DC00646DD3 /* ViewController.h */ = {isa = PBXFileReference; lastKnownFileType = sourcecode.c.h; path = ViewController.h; sourceTree = "<group>"; };
		7B03D45719AF03DC00646DD3 /* ViewController.m */ = {isa = PBXFileReference; lastKnownFileType = sourcecode.c.objc; path = ViewController.m; sourceTree = "<group>"; };
		7B03D45919AF03DC00646DD3 /* Images.xcassets */ = {isa = PBXFileReference; lastKnownFileType = folder.assetcatalog; path = Images.xcassets; sourceTree = "<group>"; };
		7B03D45F19AF03DC00646DD3 /* QRCodeScanDemoTests.xctest */ = {isa = PBXFileReference; explicitFileType = wrapper.cfbundle; includeInIndex = 0; path = QRCodeScanDemoTests.xctest; sourceTree = BUILT_PRODUCTS_DIR; };
		7B03D46019AF03DC00646DD3 /* XCTest.framework */ = {isa = PBXFileReference; lastKnownFileType = wrapper.framework; name = XCTest.framework; path = Library/Frameworks/XCTest.framework; sourceTree = DEVELOPER_DIR; };
		7B03D46819AF03DC00646DD3 /* QRCodeScanDemoTests-Info.plist */ = {isa = PBXFileReference; lastKnownFileType = text.plist.xml; path = "QRCodeScanDemoTests-Info.plist"; sourceTree = "<group>"; };
		7B03D46A19AF03DC00646DD3 /* en */ = {isa = PBXFileReference; lastKnownFileType = text.plist.strings; name = en; path = en.lproj/InfoPlist.strings; sourceTree = "<group>"; };
		7B03D46C19AF03DC00646DD3 /* QRCodeScanDemoTests.m */ = {isa = PBXFileReference; lastKnownFileType = sourcecode.c.objc; path = QRCodeScanDemoTests.m; sourceTree = "<group>"; };
		7B03D47619B40FC100646DD3 /* DQCodeScanFucosBoxDynamicShapeLayer.h */ = {isa = PBXFileReference; fileEncoding = 4; lastKnownFileType = sourcecode.c.h; path = DQCodeScanFucosBoxDynamicShapeLayer.h; sourceTree = "<group>"; };
		7B03D47719B40FC100646DD3 /* DQCodeScanFucosBoxDynamicShapeLayer.m */ = {isa = PBXFileReference; fileEncoding = 4; lastKnownFileType = sourcecode.c.objc; path = DQCodeScanFucosBoxDynamicShapeLayer.m; sourceTree = "<group>"; };
		7B03D47919B4118C00646DD3 /* UIBezierPath+DQCodeScanFucosBoxPath.h */ = {isa = PBXFileReference; fileEncoding = 4; lastKnownFileType = sourcecode.c.h; path = "UIBezierPath+DQCodeScanFucosBoxPath.h"; sourceTree = "<group>"; };
		7B03D47A19B4118C00646DD3 /* UIBezierPath+DQCodeScanFucosBoxPath.m */ = {isa = PBXFileReference; fileEncoding = 4; lastKnownFileType = sourcecode.c.objc; path = "UIBezierPath+DQCodeScanFucosBoxPath.m"; sourceTree = "<group>"; };
/* End PBXFileReference section */

/* Begin PBXFrameworksBuildPhase section */
		7B03D43B19AF03DC00646DD3 /* Frameworks */ = {
			isa = PBXFrameworksBuildPhase;
			buildActionMask = 2147483647;
			files = (
				7B03D44419AF03DC00646DD3 /* CoreGraphics.framework in Frameworks */,
				7B03D44619AF03DC00646DD3 /* UIKit.framework in Frameworks */,
				7B03D44219AF03DC00646DD3 /* Foundation.framework in Frameworks */,
			);
			runOnlyForDeploymentPostprocessing = 0;
		};
		7B03D45C19AF03DC00646DD3 /* Frameworks */ = {
			isa = PBXFrameworksBuildPhase;
			buildActionMask = 2147483647;
			files = (
				7B03D46119AF03DC00646DD3 /* XCTest.framework in Frameworks */,
				7B03D46319AF03DC00646DD3 /* UIKit.framework in Frameworks */,
				7B03D46219AF03DC00646DD3 /* Foundation.framework in Frameworks */,
			);
			runOnlyForDeploymentPostprocessing = 0;
		};
/* End PBXFrameworksBuildPhase section */

/* Begin PBXGroup section */
		7B03D43519AF03DC00646DD3 = {
			isa = PBXGroup;
			children = (
				7B03D44719AF03DC00646DD3 /* QRCodeScanDemo */,
				7B03D46619AF03DC00646DD3 /* QRCodeScanDemoTests */,
				7B03D44019AF03DC00646DD3 /* Frameworks */,
				7B03D43F19AF03DC00646DD3 /* Products */,
			);
			sourceTree = "<group>";
		};
		7B03D43F19AF03DC00646DD3 /* Products */ = {
			isa = PBXGroup;
			children = (
				7B03D43E19AF03DC00646DD3 /* QRCodeScanDemo.app */,
				7B03D45F19AF03DC00646DD3 /* QRCodeScanDemoTests.xctest */,
			);
			name = Products;
			sourceTree = "<group>";
		};
		7B03D44019AF03DC00646DD3 /* Frameworks */ = {
			isa = PBXGroup;
			children = (
				7B03D44119AF03DC00646DD3 /* Foundation.framework */,
				7B03D44319AF03DC00646DD3 /* CoreGraphics.framework */,
				7B03D44519AF03DC00646DD3 /* UIKit.framework */,
				7B03D46019AF03DC00646DD3 /* XCTest.framework */,
			);
			name = Frameworks;
			sourceTree = "<group>";
		};
		7B03D44719AF03DC00646DD3 /* QRCodeScanDemo */ = {
			isa = PBXGroup;
			children = (
				7B03D45019AF03DC00646DD3 /* AppDelegate.h */,
				7B03D45119AF03DC00646DD3 /* AppDelegate.m */,
				7B03D45319AF03DC00646DD3 /* Main.storyboard */,
				7B03D45619AF03DC00646DD3 /* ViewController.h */,
				7B03D45719AF03DC00646DD3 /* ViewController.m */,
				7B03D47919B4118C00646DD3 /* UIBezierPath+DQCodeScanFucosBoxPath.h */,
				7B03D47A19B4118C00646DD3 /* UIBezierPath+DQCodeScanFucosBoxPath.m */,
				7B03D47619B40FC100646DD3 /* DQCodeScanFucosBoxDynamicShapeLayer.h */,
				7B03D47719B40FC100646DD3 /* DQCodeScanFucosBoxDynamicShapeLayer.m */,
				7B03D45919AF03DC00646DD3 /* Images.xcassets */,
				7B03D44819AF03DC00646DD3 /* Supporting Files */,
			);
			path = QRCodeScanDemo;
			sourceTree = "<group>";
		};
		7B03D44819AF03DC00646DD3 /* Supporting Files */ = {
			isa = PBXGroup;
			children = (
				7B03D44919AF03DC00646DD3 /* QRCodeScanDemo-Info.plist */,
				7B03D44A19AF03DC00646DD3 /* InfoPlist.strings */,
				7B03D44D19AF03DC00646DD3 /* main.m */,
				7B03D44F19AF03DC00646DD3 /* QRCodeScanDemo-Prefix.pch */,
			);
			name = "Supporting Files";
			sourceTree = "<group>";
		};
		7B03D46619AF03DC00646DD3 /* QRCodeScanDemoTests */ = {
			isa = PBXGroup;
			children = (
				7B03D46C19AF03DC00646DD3 /* QRCodeScanDemoTests.m */,
				7B03D46719AF03DC00646DD3 /* Supporting Files */,
			);
			path = QRCodeScanDemoTests;
			sourceTree = "<group>";
		};
		7B03D46719AF03DC00646DD3 /* Supporting Files */ = {
			isa = PBXGroup;
			children = (
				7B03D46819AF03DC00646DD3 /* QRCodeScanDemoTests-Info.plist */,
				7B03D46919AF03DC00646DD3 /* InfoPlist.strings */,
			);
			name = "Supporting Files";
			sourceTree = "<group>";
		};
/* End PBXGroup section */

/* Begin PBXNativeTarget section */
		7B03D43D19AF03DC00646DD3 /* QRCodeScanDemo */ = {
			isa = PBXNativeTarget;
			buildConfigurationList = 7B03D47019AF03DC00646DD3 /* Build configuration list for PBXNativeTarget "QRCodeScanDemo" */;
			buildPhases = (
				7B03D43A19AF03DC00646DD3 /* Sources */,
				7B03D43B19AF03DC00646DD3 /* Frameworks */,
				7B03D43C19AF03DC00646DD3 /* Resources */,
			);
			buildRules = (
			);
			dependencies = (
			);
			name = QRCodeScanDemo;
			productName = QRCodeScanDemo;
			productReference = 7B03D43E19AF03DC00646DD3 /* QRCodeScanDemo.app */;
			productType = "com.apple.product-type.application";
		};
		7B03D45E19AF03DC00646DD3 /* QRCodeScanDemoTests */ = {
			isa = PBXNativeTarget;
			buildConfigurationList = 7B03D47319AF03DC00646DD3 /* Build configuration list for PBXNativeTarget "QRCodeScanDemoTests" */;
			buildPhases = (
				7B03D45B19AF03DC00646DD3 /* Sources */,
				7B03D45C19AF03DC00646DD3 /* Frameworks */,
				7B03D45D19AF03DC00646DD3 /* Resources */,
			);
			buildRules = (
			);
			dependencies = (
				7B03D46519AF03DC00646DD3 /* PBXTargetDependency */,
			);
			name = QRCodeScanDemoTests;
			productName = QRCodeScanDemoTests;
			productReference = 7B03D45F19AF03DC00646DD3 /* QRCodeScanDemoTests.xctest */;
			productType = "com.apple.product-type.bundle.unit-test";
		};
/* End PBXNativeTarget section */

/* Begin PBXProject section */
		7B03D43619AF03DC00646DD3 /* Project object */ = {
			isa = PBXProject;
			attributes = {
				LastUpgradeCheck = 0510;
				ORGANIZATIONNAME = daqian;
				TargetAttributes = {
					7B03D45E19AF03DC00646DD3 = {
						TestTargetID = 7B03D43D19AF03DC00646DD3;
					};
				};
			};
			buildConfigurationList = 7B03D43919AF03DC00646DD3 /* Build configuration list for PBXProject "QRCodeScanDemo" */;
			compatibilityVersion = "Xcode 3.2";
			developmentRegion = English;
			hasScannedForEncodings = 0;
			knownRegions = (
				en,
				Base,
			);
			mainGroup = 7B03D43519AF03DC00646DD3;
			productRefGroup = 7B03D43F19AF03DC00646DD3 /* Products */;
			projectDirPath = "";
			projectRoot = "";
			targets = (
				7B03D43D19AF03DC00646DD3 /* QRCodeScanDemo */,
				7B03D45E19AF03DC00646DD3 /* QRCodeScanDemoTests */,
			);
		};
/* End PBXProject section */

/* Begin PBXResourcesBuildPhase section */
		7B03D43C19AF03DC00646DD3 /* Resources */ = {
			isa = PBXResourcesBuildPhase;
			buildActionMask = 2147483647;
			files = (
				7B03D45A19AF03DC00646DD3 /* Images.xcassets in Resources */,
				7B03D44C19AF03DC00646DD3 /* InfoPlist.strings in Resources */,
				7B03D45519AF03DC00646DD3 /* Main.storyboard in Resources */,
			);
			runOnlyForDeploymentPostprocessing = 0;
		};
		7B03D45D19AF03DC00646DD3 /* Resources */ = {
			isa = PBXResourcesBuildPhase;
			buildActionMask = 2147483647;
			files = (
				7B03D46B19AF03DC00646DD3 /* InfoPlist.strings in Resources */,
			);
			runOnlyForDeploymentPostprocessing = 0;
		};
/* End PBXResourcesBuildPhase section */

/* Begin PBXSourcesBuildPhase section */
		7B03D43A19AF03DC00646DD3 /* Sources */ = {
			isa = PBXSourcesBuildPhase;
			buildActionMask = 2147483647;
			files = (
				7B03D45819AF03DC00646DD3 /* ViewController.m in Sources */,
				7B03D47819B40FC100646DD3 /* DQCodeScanFucosBoxDynamicShapeLayer.m in Sources */,
				7B03D47B19B4118C00646DD3 /* UIBezierPath+DQCodeScanFucosBoxPath.m in Sources */,
				7B03D45219AF03DC00646DD3 /* AppDelegate.m in Sources */,
				7B03D44E19AF03DC00646DD3 /* main.m in Sources */,
			);
			runOnlyForDeploymentPostprocessing = 0;
		};
		7B03D45B19AF03DC00646DD3 /* Sources */ = {
			isa = PBXSourcesBuildPhase;
			buildActionMask = 2147483647;
			files = (
				7B03D46D19AF03DC00646DD3 /* QRCodeScanDemoTests.m in Sources */,
			);
			runOnlyForDeploymentPostprocessing = 0;
		};
/* End PBXSourcesBuildPhase section */

/* Begin PBXTargetDependency section */
		7B03D46519AF03DC00646DD3 /* PBXTargetDependency */ = {
			isa = PBXTargetDependency;
			target = 7B03D43D19AF03DC00646DD3 /* QRCodeScanDemo */;
			targetProxy = 7B03D46419AF03DC00646DD3 /* PBXContainerItemProxy */;
		};
/* End PBXTargetDependency section */

/* Begin PBXVariantGroup section */
		7B03D44A19AF03DC00646DD3 /* InfoPlist.strings */ = {
			isa = PBXVariantGroup;
			children = (
				7B03D44B19AF03DC00646DD3 /* en */,
			);
			name = InfoPlist.strings;
			sourceTree = "<group>";
		};
		7B03D45319AF03DC00646DD3 /* Main.storyboard */ = {
			isa = PBXVariantGroup;
			children = (
				7B03D45419AF03DC00646DD3 /* Base */,
			);
			name = Main.storyboard;
			sourceTree = "<group>";
		};
		7B03D46919AF03DC00646DD3 /* InfoPlist.strings */ = {
			isa = PBXVariantGroup;
			children = (
				7B03D46A19AF03DC00646DD3 /* en */,
			);
			name = InfoPlist.strings;
			sourceTree = "<group>";
		};
/* End PBXVariantGroup section */

/* Begin XCBuildConfiguration section */
		7B03D46E19AF03DC00646DD3 /* Debug */ = {
			isa = XCBuildConfiguration;
			buildSettings = {
				ALWAYS_SEARCH_USER_PATHS = NO;
				CLANG_CXX_LANGUAGE_STANDARD = "gnu++0x";
				CLANG_CXX_LIBRARY = "libc++";
				CLANG_ENABLE_MODULES = YES;
				CLANG_ENABLE_OBJC_ARC = YES;
				CLANG_WARN_BOOL_CONVERSION = YES;
				CLANG_WARN_CONSTANT_CONVERSION = YES;
				CLANG_WARN_DIRECT_OBJC_ISA_USAGE = YES_ERROR;
				CLANG_WARN_EMPTY_BODY = YES;
				CLANG_WARN_ENUM_CONVERSION = YES;
				CLANG_WARN_INT_CONVERSION = YES;
				CLANG_WARN_OBJC_ROOT_CLASS = YES_ERROR;
				CLANG_WARN__DUPLICATE_METHOD_MATCH = YES;
				"CODE_SIGN_IDENTITY[sdk=iphoneos*]" = "iPhone Developer";
				COPY_PHASE_STRIP = NO;
				GCC_C_LANGUAGE_STANDARD = gnu99;
				GCC_DYNAMIC_NO_PIC = NO;
				GCC_OPTIMIZATION_LEVEL = 0;
				GCC_PREPROCESSOR_DEFINITIONS = (
					"DEBUG=1",
					"$(inherited)",
				);
				GCC_SYMBOLS_PRIVATE_EXTERN = NO;
				GCC_WARN_64_TO_32_BIT_CONVERSION = YES;
				GCC_WARN_ABOUT_RETURN_TYPE = YES_ERROR;
				GCC_WARN_UNDECLARED_SELECTOR = YES;
				GCC_WARN_UNINITIALIZED_AUTOS = YES_AGGRESSIVE;
				GCC_WARN_UNUSED_FUNCTION = YES;
				GCC_WARN_UNUSED_VARIABLE = YES;
				IPHONEOS_DEPLOYMENT_TARGET = 7.1;
				ONLY_ACTIVE_ARCH = YES;
				SDKROOT = iphoneos;
			};
			name = Debug;
		};
		7B03D46F19AF03DC00646DD3 /* Release */ = {
			isa = XCBuildConfiguration;
			buildSettings = {
				ALWAYS_SEARCH_USER_PATHS = NO;
				CLANG_CXX_LANGUAGE_STANDARD = "gnu++0x";
				CLANG_CXX_LIBRARY = "libc++";
				CLANG_ENABLE_MODULES = YES;
				CLANG_ENABLE_OBJC_ARC = YES;
				CLANG_WARN_BOOL_CONVERSION = YES;
				CLANG_WARN_CONSTANT_CONVERSION = YES;
				CLANG_WARN_DIRECT_OBJC_ISA_USAGE = YES_ERROR;
				CLANG_WARN_EMPTY_BODY = YES;
				CLANG_WARN_ENUM_CONVERSION = YES;
				CLANG_WARN_INT_CONVERSION = YES;
				CLANG_WARN_OBJC_ROOT_CLASS = YES_ERROR;
				CLANG_WARN__DUPLICATE_METHOD_MATCH = YES;
				"CODE_SIGN_IDENTITY[sdk=iphoneos*]" = "iPhone Developer";
				COPY_PHASE_STRIP = YES;
				ENABLE_NS_ASSERTIONS = NO;
				GCC_C_LANGUAGE_STANDARD = gnu99;
				GCC_WARN_64_TO_32_BIT_CONVERSION = YES;
				GCC_WARN_ABOUT_RETURN_TYPE = YES_ERROR;
				GCC_WARN_UNDECLARED_SELECTOR = YES;
				GCC_WARN_UNINITIALIZED_AUTOS = YES_AGGRESSIVE;
				GCC_WARN_UNUSED_FUNCTION = YES;
				GCC_WARN_UNUSED_VARIABLE = YES;
				IPHONEOS_DEPLOYMENT_TARGET = 7.1;
				SDKROOT = iphoneos;
				VALIDATE_PRODUCT = YES;
			};
			name = Release;
		};
		7B03D47119AF03DC00646DD3 /* Debug */ = {
			isa = XCBuildConfiguration;
			buildSettings = {
				ASSETCATALOG_COMPILER_APPICON_NAME = AppIcon;
				ASSETCATALOG_COMPILER_LAUNCHIMAGE_NAME = LaunchImage;
				GCC_PRECOMPILE_PREFIX_HEADER = YES;
				GCC_PREFIX_HEADER = "QRCodeScanDemo/QRCodeScanDemo-Prefix.pch";
				INFOPLIST_FILE = "QRCodeScanDemo/QRCodeScanDemo-Info.plist";
				PRODUCT_NAME = "$(TARGET_NAME)";
				WRAPPER_EXTENSION = app;
			};
			name = Debug;
		};
		7B03D47219AF03DC00646DD3 /* Release */ = {
			isa = XCBuildConfiguration;
			buildSettings = {
				ASSETCATALOG_COMPILER_APPICON_NAME = AppIcon;
				ASSETCATALOG_COMPILER_LAUNCHIMAGE_NAME = LaunchImage;
				GCC_PRECOMPILE_PREFIX_HEADER = YES;
				GCC_PREFIX_HEADER = "QRCodeScanDemo/QRCodeScanDemo-Prefix.pch";
				INFOPLIST_FILE = "QRCodeScanDemo/QRCodeScanDemo-Info.plist";
				PRODUCT_NAME = "$(TARGET_NAME)";
				WRAPPER_EXTENSION = app;
			};
			name = Release;
		};
		7B03D47419AF03DC00646DD3 /* Debug */ = {
			isa = XCBuildConfiguration;
			buildSettings = {
				BUNDLE_LOADER = "$(BUILT_PRODUCTS_DIR)/QRCodeScanDemo.app/QRCodeScanDemo";
				FRAMEWORK_SEARCH_PATHS = (
					"$(SDKROOT)/Developer/Library/Frameworks",
					"$(inherited)",
					"$(DEVELOPER_FRAMEWORKS_DIR)",
				);
				GCC_PRECOMPILE_PREFIX_HEADER = YES;
				GCC_PREFIX_HEADER = "QRCodeScanDemo/QRCodeScanDemo-Prefix.pch";
				GCC_PREPROCESSOR_DEFINITIONS = (
					"DEBUG=1",
					"$(inherited)",
				);
				INFOPLIST_FILE = "QRCodeScanDemoTests/QRCodeScanDemoTests-Info.plist";
				PRODUCT_NAME = "$(TARGET_NAME)";
				TEST_HOST = "$(BUNDLE_LOADER)";
				WRAPPER_EXTENSION = xctest;
			};
			name = Debug;
		};
		7B03D47519AF03DC00646DD3 /* Release */ = {
			isa = XCBuildConfiguration;
			buildSettings = {
				BUNDLE_LOADER = "$(BUILT_PRODUCTS_DIR)/QRCodeScanDemo.app/QRCodeScanDemo";
				FRAMEWORK_SEARCH_PATHS = (
					"$(SDKROOT)/Developer/Library/Frameworks",
					"$(inherited)",
					"$(DEVELOPER_FRAMEWORKS_DIR)",
				);
				GCC_PRECOMPILE_PREFIX_HEADER = YES;
				GCC_PREFIX_HEADER = "QRCodeScanDemo/QRCodeScanDemo-Prefix.pch";
				INFOPLIST_FILE = "QRCodeScanDemoTests/QRCodeScanDemoTests-Info.plist";
				PRODUCT_NAME = "$(TARGET_NAME)";
				TEST_HOST = "$(BUNDLE_LOADER)";
				WRAPPER_EXTENSION = xctest;
			};
			name = Release;
		};
/* End XCBuildConfiguration section */

/* Begin XCConfigurationList section */
		7B03D43919AF03DC00646DD3 /* Build configuration list for PBXProject "QRCodeScanDemo" */ = {
			isa = XCConfigurationList;
			buildConfigurations = (
				7B03D46E19AF03DC00646DD3 /* Debug */,
				7B03D46F19AF03DC00646DD3 /* Release */,
			);
			defaultConfigurationIsVisible = 0;
			defaultConfigurationName = Release;
		};
		7B03D47019AF03DC00646DD3 /* Build configuration list for PBXNativeTarget "QRCodeScanDemo" */ = {
			isa = XCConfigurationList;
			buildConfigurations = (
				7B03D47119AF03DC00646DD3 /* Debug */,
				7B03D47219AF03DC00646DD3 /* Release */,
			);
			defaultConfigurationIsVisible = 0;
		};
		7B03D47319AF03DC00646DD3 /* Build configuration list for PBXNativeTarget "QRCodeScanDemoTests" */ = {
			isa = XCConfigurationList;
			buildConfigurations = (
				7B03D47419AF03DC00646DD3 /* Debug */,
				7B03D47519AF03DC00646DD3 /* Release */,
			);
			defaultConfigurationIsVisible = 0;
		};
/* End XCConfigurationList section */
	};
	rootObject = 7B03D43619AF03DC00646DD3 /* Project object */;
}
